{
  "lockfile_version": "1",
  "packages": {
    "chromium": {
      "resolved": "github:NixOS/nixpkgs/18dd725c29603f582cf1900e0d25f9f1063dbf11?narHash=sha256-awS2zRgF4uTwrOKwwiJcByDzDOdo3Q1rPZbiHQg%2FN38%3D#chromium",
      "source": "nixpkg",
      "systems": {
        "x86_64-linux": {
          "outputs": [
            {
              "path": "/tmp/containerbase/cache/nix/store/cd85yyj1faciry00ahxflzsgf329frvy-chromium-135.0.7049.84",
              "default": true
            }
          ]
        }
      }
    },
    "direnv@2.37.1": {
      "last_modified": "2025-09-18T16:33:27Z",
      "resolved": "github:NixOS/nixpkgs/f4b140d5b253f5e2a1ff4e5506edbf8267724bde#direnv",
      "source": "devbox-search",
      "version": "2.37.1",
      "systems": {
        "aarch64-darwin": {
          "outputs": [
            {
              "name": "out",
              "path": "/nix/store/4s62n5jlr83x61jj849qab86jzayis8l-direnv-2.37.1",
              "default": true
            }
          ],
          "store_path": "/nix/store/4s62n5jlr83x61jj849qab86jzayis8l-direnv-2.37.1"
        },
        "aarch64-linux": {
          "outputs": [
            {
              "name": "out",
              "path": "/nix/store/3wkdy8q4m30y855di77b7pgmb6xqn9sb-direnv-2.37.1",
              "default": true
            }
          ],
          "store_path": "/nix/store/3wkdy8q4m30y855di77b7pgmb6xqn9sb-direnv-2.37.1"
        },
        "x86_64-darwin": {
          "outputs": [
            {
              "name": "out",
              "path": "/nix/store/qlhqwj79vsyl3zk4a055s83zm9jk7jj3-direnv-2.37.1",
              "default": true
            }
          ],
          "store_path": "/nix/store/qlhqwj79vsyl3zk4a055s83zm9jk7jj3-direnv-2.37.1"
        },
        "x86_64-linux": {
          "outputs": [
            {
              "name": "out",
              "path": "/nix/store/4qdw7vf42v66daia1b5cmgmhbqdziash-direnv-2.37.1",
              "default": true
            }
          ],
          "store_path": "/nix/store/4qdw7vf42v66daia1b5cmgmhbqdziash-direnv-2.37.1"
        }
      }
    },
    "github:NixOS/nixpkgs/nixpkgs-unstable": {
      "last_modified": "2025-05-04T22:22:57Z",
      "resolved": "github:NixOS/nixpkgs/ed30f8aba41605e3ab46421e3dcb4510ec560ff8?lastModified=1746397377&narHash=sha256-5oLdRa3vWSRbuqPIFFmQBGGUqaYZBxX%2BGGtN9f%2Fn4lU%3D"
    },
    "nodejs@22.14.0": {
      "last_modified": "2025-05-06T08:06:31Z",
      "plugin_version": "0.0.2",
      "resolved": "github:NixOS/nixpkgs/1cb1c02a6b1b7cf67e3d7731cbbf327a53da9679#nodejs_22",
      "source": "devbox-search",
      "version": "22.14.0",
      "systems": {
        "aarch64-darwin": {
          "outputs": [
            {
              "name": "out",
              "path": "/nix/store/2ribxb3gi87gj4331m6k0ydn0z90zfi7-nodejs-22.14.0",
              "default": true
            },
            {
              "name": "dev",
              "path": "/nix/store/zbr4fi11j897pa9jikqpviz57kagvizv-nodejs-22.14.0-dev"
            },
            {
              "name": "libv8",
              "path": "/nix/store/9rp5sb2nb5549qqax4v6ly4glixjm6d5-nodejs-22.14.0-libv8"
            }
          ],
          "store_path": "/nix/store/2ribxb3gi87gj4331m6k0ydn0z90zfi7-nodejs-22.14.0"
        },
        "aarch64-linux": {
          "outputs": [
            {
              "name": "out",
              "path": "/nix/store/8v7hqm22mk2w725sqwqcnym5jznqmn64-nodejs-22.14.0",
              "default": true
            },
            {
              "name": "dev",
              "path": "/nix/store/9hv74w50r20z1f1flnpza0aicz5agg8i-nodejs-22.14.0-dev"
            },
            {
              "name": "libv8",
              "path": "/nix/store/ww17b0kj7zawsa17l2kw5yi6019lddfy-nodejs-22.14.0-libv8"
            }
          ],
          "store_path": "/nix/store/8v7hqm22mk2w725sqwqcnym5jznqmn64-nodejs-22.14.0"
        },
        "x86_64-darwin": {
          "outputs": [
            {
              "name": "out",
              "path": "/nix/store/v0hpyc6r6qdwvydvgybn51jvajxqxz9f-nodejs-22.14.0",
              "default": true
            },
            {
              "name": "dev",
              "path": "/nix/store/ip5m8y2wj2cw44r1gh6yc7718qxsjphp-nodejs-22.14.0-dev"
            },
            {
              "name": "libv8",
              "path": "/nix/store/mmyh4261jrk7i9wylz6pjrp1rllvpfvs-nodejs-22.14.0-libv8"
            }
          ],
          "store_path": "/nix/store/v0hpyc6r6qdwvydvgybn51jvajxqxz9f-nodejs-22.14.0"
        },
        "x86_64-linux": {
          "outputs": [
            {
              "name": "out",
              "path": "/nix/store/50lhzpd68v47x6jy0b8b3p91n2zv3lv4-nodejs-22.14.0",
              "default": true
            },
            {
              "name": "dev",
              "path": "/nix/store/sbqvdlpp1zp6fdr3cb0mqyprjbcf2ihn-nodejs-22.14.0-dev"
            },
            {
              "name": "libv8",
              "path": "/nix/store/ianbd6y7fbm32073q239zdxlcmjwvm57-nodejs-22.14.0-libv8"
            }
          ],
          "store_path": "/nix/store/50lhzpd68v47x6jy0b8b3p91n2zv3lv4-nodejs-22.14.0"
        }
      }
    },
    "playwright-driver": {
      "resolved": "github:NixOS/nixpkgs/18dd725c29603f582cf1900e0d25f9f1063dbf11?narHash=sha256-awS2zRgF4uTwrOKwwiJcByDzDOdo3Q1rPZbiHQg%2FN38%3D#playwright-driver",
      "source": "nixpkg",
      "systems": {
        "x86_64-linux": {
          "outputs": [
            {
              "path": "/tmp/containerbase/cache/nix/store/br6pfx33irrnar3bdq7bdmyjbwqv29vx-playwright-core-1.50.1",
              "default": true
            }
          ]
        }
      }
    },
    "pnpm@10": {
      "last_modified": "2025-04-08T07:10:31Z",
      "resolved": "github:NixOS/nixpkgs/b2b0718004cc9a5bca610326de0a82e6ea75920b#pnpm",
      "source": "devbox-search",
      "version": "10.8.0",
      "systems": {
        "aarch64-darwin": {
          "outputs": [
            {
              "name": "out",
              "path": "/nix/store/lk5zn7zj9aapazn25l8qag76kmnvdpn3-pnpm-10.8.0",
              "default": true
            }
          ],
          "store_path": "/nix/store/lk5zn7zj9aapazn25l8qag76kmnvdpn3-pnpm-10.8.0"
        },
        "aarch64-linux": {
          "outputs": [
            {
              "name": "out",
              "path": "/nix/store/qqgg823s3vd2hlhiwh92ci1zn0snnlb5-pnpm-10.8.0",
              "default": true
            }
          ],
          "store_path": "/nix/store/qqgg823s3vd2hlhiwh92ci1zn0snnlb5-pnpm-10.8.0"
        },
        "x86_64-darwin": {
          "outputs": [
            {
              "name": "out",
              "path": "/nix/store/yacdhmmyqskcgcwnaxlz60cl4s29g1wb-pnpm-10.8.0",
              "default": true
            }
          ],
          "store_path": "/nix/store/yacdhmmyqskcgcwnaxlz60cl4s29g1wb-pnpm-10.8.0"
        },
        "x86_64-linux": {
          "outputs": [
            {
              "name": "out",
              "path": "/nix/store/kclz9i3vq2fz8nnn947l773a95fj77z3-pnpm-10.8.0",
              "default": true
            }
          ],
          "store_path": "/nix/store/kclz9i3vq2fz8nnn947l773a95fj77z3-pnpm-10.8.0"
        }
      }
    }
  }
}
