{
  "lockfile_version": "1",
  "packages": {
    "chromium": {
      "resolved": "github:NixOS/nixpkgs/18dd725c29603f582cf1900e0d25f9f1063dbf11?narHash=sha256-awS2zRgF4uTwrOKwwiJcByDzDOdo3Q1rPZbiHQg%2FN38%3D#chromium",
      "source": "nixpkg",
      "systems": {
        "x86_64-linux": {
          "outputs": [
            {
              "path": "/tmp/containerbase/cache/nix/store/cd85yyj1faciry00ahxflzsgf329frvy-chromium-135.0.7049.84",
              "default": true
            }
          ]
        }
      }
    },
    "direnv@2.36.0": {
      "last_modified": "2025-05-06T08:06:31Z",
      "resolved": "github:NixOS/nixpkgs/1cb1c02a6b1b7cf67e3d7731cbbf327a53da9679#direnv",
      "source": "devbox-search",
      "version": "2.36.0",
      "systems": {
        "aarch64-darwin": {
          "outputs": [
            {
              "name": "out",
              "path": "/nix/store/c1287gkgvyz1s5hrifmhp0ybzaqwysyv-direnv-2.36.0",
              "default": true
            }
          ],
          "store_path": "/nix/store/c1287gkgvyz1s5hrifmhp0ybzaqwysyv-direnv-2.36.0"
        },
        "aarch64-linux": {
          "outputs": [
            {
              "name": "out",
              "path": "/nix/store/kbm4xjmm8gpighi8jnlgdp4ivwf7npg3-direnv-2.36.0",
              "default": true
            }
          ],
          "store_path": "/nix/store/kbm4xjmm8gpighi8jnlgdp4ivwf7npg3-direnv-2.36.0"
        },
        "x86_64-darwin": {
          "outputs": [
            {
              "name": "out",
              "path": "/nix/store/9qqcjbvisvqyhbslqxyf72pazcnkvpyl-direnv-2.36.0",
              "default": true
            }
          ],
          "store_path": "/nix/store/9qqcjbvisvqyhbslqxyf72pazcnkvpyl-direnv-2.36.0"
        },
        "x86_64-linux": {
          "outputs": [
            {
              "name": "out",
              "path": "/nix/store/rjnigckx9rmga58562hxw9kr5hynavcd-direnv-2.36.0",
              "default": true
            }
          ],
          "store_path": "/nix/store/rjnigckx9rmga58562hxw9kr5hynavcd-direnv-2.36.0"
        }
      }
    },
    "github:NixOS/nixpkgs/nixpkgs-unstable": {
      "last_modified": "2025-05-04T22:22:57Z",
      "resolved": "github:NixOS/nixpkgs/ed30f8aba41605e3ab46421e3dcb4510ec560ff8?lastModified=1746397377&narHash=sha256-5oLdRa3vWSRbuqPIFFmQBGGUqaYZBxX%2BGGtN9f%2Fn4lU%3D"
    },
    "nodejs@24.3.0": {
      "last_modified": "2025-06-25T07:32:58Z",
      "plugin_version": "0.0.2",
      "resolved": "github:NixOS/nixpkgs/d7bb1922f0bb3d0c990f56f9cdb767fdb20a5f22#nodejs_24",
      "source": "devbox-search",
      "version": "24.3.0",
      "systems": {
        "aarch64-darwin": {
          "outputs": [
            {
              "name": "out",
              "path": "/nix/store/ra024xh0z4iqrna0zz2vm087n32x0r6f-nodejs-24.3.0",
              "default": true
            },
            {
              "name": "dev",
              "path": "/nix/store/5xxmn80w1qdifbyzqm9ymvcg9vaigp1b-nodejs-24.3.0-dev"
            },
            {
              "name": "libv8",
              "path": "/nix/store/jn8cnmmaq0cxkaa1ibxbsis6lv33157z-nodejs-24.3.0-libv8"
            }
          ],
          "store_path": "/nix/store/ra024xh0z4iqrna0zz2vm087n32x0r6f-nodejs-24.3.0"
        },
        "aarch64-linux": {
          "outputs": [
            {
              "name": "out",
              "path": "/nix/store/0ila37s620p6g2s83p4dr6c4nwhjwhf7-nodejs-24.3.0",
              "default": true
            },
            {
              "name": "dev",
              "path": "/nix/store/4wpgz06wbc94dj2i36jfq0dyzjbcp19x-nodejs-24.3.0-dev"
            },
            {
              "name": "libv8",
              "path": "/nix/store/w3yzj46br5lfqpc09780020pgzgayhgy-nodejs-24.3.0-libv8"
            }
          ],
          "store_path": "/nix/store/0ila37s620p6g2s83p4dr6c4nwhjwhf7-nodejs-24.3.0"
        },
        "x86_64-darwin": {
          "outputs": [
            {
              "name": "out",
              "path": "/nix/store/0dkal0hnky98arm4wgq948i30r7rw2h8-nodejs-24.3.0",
              "default": true
            },
            {
              "name": "dev",
              "path": "/nix/store/9777amzil64sm5rizaqy4p9jdq7qvq3i-nodejs-24.3.0-dev"
            },
            {
              "name": "libv8",
              "path": "/nix/store/jhcqjqf3z2d6m48f953adqk64n3lggsy-nodejs-24.3.0-libv8"
            }
          ],
          "store_path": "/nix/store/0dkal0hnky98arm4wgq948i30r7rw2h8-nodejs-24.3.0"
        },
        "x86_64-linux": {
          "outputs": [
            {
              "name": "out",
              "path": "/nix/store/6ba6h1x0rh2d5fbahjcydn7q8dd4ny8f-nodejs-24.3.0",
              "default": true
            },
            {
              "name": "dev",
              "path": "/nix/store/adqp6w8254pwxnz06yf10gzya2pg1q1l-nodejs-24.3.0-dev"
            },
            {
              "name": "libv8",
              "path": "/nix/store/8jmfxx4kffykzgfkbxb5rh10ib76vdqz-nodejs-24.3.0-libv8"
            }
          ],
          "store_path": "/nix/store/6ba6h1x0rh2d5fbahjcydn7q8dd4ny8f-nodejs-24.3.0"
        }
      }
    },
    "playwright-driver": {
      "resolved": "github:NixOS/nixpkgs/18dd725c29603f582cf1900e0d25f9f1063dbf11?narHash=sha256-awS2zRgF4uTwrOKwwiJcByDzDOdo3Q1rPZbiHQg%2FN38%3D#playwright-driver",
      "source": "nixpkg",
      "systems": {
        "x86_64-linux": {
          "outputs": [
            {
              "path": "/tmp/containerbase/cache/nix/store/br6pfx33irrnar3bdq7bdmyjbwqv29vx-playwright-core-1.50.1",
              "default": true
            }
          ]
        }
      }
    },
    "pnpm@10": {
      "last_modified": "2025-04-08T07:10:31Z",
      "resolved": "github:NixOS/nixpkgs/b2b0718004cc9a5bca610326de0a82e6ea75920b#pnpm",
      "source": "devbox-search",
      "version": "10.8.0",
      "systems": {
        "aarch64-darwin": {
          "outputs": [
            {
              "name": "out",
              "path": "/nix/store/lk5zn7zj9aapazn25l8qag76kmnvdpn3-pnpm-10.8.0",
              "default": true
            }
          ],
          "store_path": "/nix/store/lk5zn7zj9aapazn25l8qag76kmnvdpn3-pnpm-10.8.0"
        },
        "aarch64-linux": {
          "outputs": [
            {
              "name": "out",
              "path": "/nix/store/qqgg823s3vd2hlhiwh92ci1zn0snnlb5-pnpm-10.8.0",
              "default": true
            }
          ],
          "store_path": "/nix/store/qqgg823s3vd2hlhiwh92ci1zn0snnlb5-pnpm-10.8.0"
        },
        "x86_64-darwin": {
          "outputs": [
            {
              "name": "out",
              "path": "/nix/store/yacdhmmyqskcgcwnaxlz60cl4s29g1wb-pnpm-10.8.0",
              "default": true
            }
          ],
          "store_path": "/nix/store/yacdhmmyqskcgcwnaxlz60cl4s29g1wb-pnpm-10.8.0"
        },
        "x86_64-linux": {
          "outputs": [
            {
              "name": "out",
              "path": "/nix/store/kclz9i3vq2fz8nnn947l773a95fj77z3-pnpm-10.8.0",
              "default": true
            }
          ],
          "store_path": "/nix/store/kclz9i3vq2fz8nnn947l773a95fj77z3-pnpm-10.8.0"
        }
      }
    }
  }
}
