{
  "lockfile_version": "1",
  "packages": {
    "chromium": {
      "resolved": "github:NixOS/nixpkgs/18dd725c29603f582cf1900e0d25f9f1063dbf11?narHash=sha256-awS2zRgF4uTwrOKwwiJcByDzDOdo3Q1rPZbiHQg%2FN38%3D#chromium",
      "source": "nixpkg",
      "systems": {
        "x86_64-linux": {
          "outputs": [
            {
              "path": "/nix/store/5frwxcid1j76yxadvpca1s1vhal571mm-chromium-135.0.7049.84",
              "default": true
            }
          ]
        }
      }
    },
    "direnv@2.36.0": {
      "last_modified": "2025-05-16T20:19:48Z",
      "resolved": "github:NixOS/nixpkgs/12a55407652e04dcf2309436eb06fef0d3713ef3#direnv",
      "source": "devbox-search",
      "version": "2.36.0",
      "systems": {
        "aarch64-darwin": {
          "outputs": [
            {
              "name": "out",
              "path": "/nix/store/9cfr229ml8lkw3rpsfhz318gy833rq44-direnv-2.36.0",
              "default": true
            }
          ],
          "store_path": "/nix/store/9cfr229ml8lkw3rpsfhz318gy833rq44-direnv-2.36.0"
        },
        "aarch64-linux": {
          "outputs": [
            {
              "name": "out",
              "path": "/nix/store/bazsc3nfcz7pgvdcll1p7gi2442h5mg1-direnv-2.36.0",
              "default": true
            }
          ],
          "store_path": "/nix/store/bazsc3nfcz7pgvdcll1p7gi2442h5mg1-direnv-2.36.0"
        },
        "x86_64-darwin": {
          "outputs": [
            {
              "name": "out",
              "path": "/nix/store/mphpm6ikdab03kai7h3rvl3z0qxsf6g1-direnv-2.36.0",
              "default": true
            }
          ],
          "store_path": "/nix/store/mphpm6ikdab03kai7h3rvl3z0qxsf6g1-direnv-2.36.0"
        },
        "x86_64-linux": {
          "outputs": [
            {
              "name": "out",
              "path": "/nix/store/wr9gi46jzk63wff2d0y4m3ngqnraq4p6-direnv-2.36.0",
              "default": true
            }
          ],
          "store_path": "/nix/store/wr9gi46jzk63wff2d0y4m3ngqnraq4p6-direnv-2.36.0"
        }
      }
    },
    "github:NixOS/nixpkgs/nixpkgs-unstable": {
      "last_modified": "2025-05-22T23:55:03Z",
      "resolved": "github:NixOS/nixpkgs/fe51d34885f7b5e3e7b59572796e1bcb427eccb1?lastModified=1747958103&narHash=sha256-qmmFCrfBwSHoWw7cVK4Aj%2Bfns%2Bc54EBP8cGqp%2FyK410%3D"
    },
    "nodejs@22": {
      "last_modified": "2025-05-21T18:43:04Z",
      "plugin_version": "0.0.2",
      "resolved": "github:NixOS/nixpkgs/8c441601c43232976179eac52dde704c8bdf81ed#nodejs_22",
      "source": "devbox-search",
      "version": "22.14.0",
      "systems": {
        "aarch64-darwin": {
          "outputs": [
            {
              "name": "out",
              "path": "/nix/store/g5bv4gi6p7ryhs2hbaryxs6ivsxa6lqc-nodejs-22.14.0",
              "default": true
            },
            {
              "name": "dev",
              "path": "/nix/store/96vpirdcns8zxdwzwl7n804012lwrf1n-nodejs-22.14.0-dev"
            },
            {
              "name": "libv8",
              "path": "/nix/store/xph2837xqjnra80mqlk64xp7vb3kkqxs-nodejs-22.14.0-libv8"
            }
          ],
          "store_path": "/nix/store/g5bv4gi6p7ryhs2hbaryxs6ivsxa6lqc-nodejs-22.14.0"
        },
        "aarch64-linux": {
          "outputs": [
            {
              "name": "out",
              "path": "/nix/store/cwb781xbp70f72njqh8vhvbsf1xq87i5-nodejs-22.14.0",
              "default": true
            },
            {
              "name": "dev",
              "path": "/nix/store/0w5mql46am2qai707a42q983l44l1h9z-nodejs-22.14.0-dev"
            },
            {
              "name": "libv8",
              "path": "/nix/store/vy56lahz381ayvw3hym3wj4r4ggv7gbk-nodejs-22.14.0-libv8"
            }
          ],
          "store_path": "/nix/store/cwb781xbp70f72njqh8vhvbsf1xq87i5-nodejs-22.14.0"
        },
        "x86_64-darwin": {
          "outputs": [
            {
              "name": "out",
              "path": "/nix/store/086zjv14ipka2vbpgwil3xyvi5ml4vh3-nodejs-22.14.0",
              "default": true
            },
            {
              "name": "dev",
              "path": "/nix/store/24n01nfvy908pwzwpgsl0k4227187i7i-nodejs-22.14.0-dev"
            },
            {
              "name": "libv8",
              "path": "/nix/store/jiwk0in1wk85crn9vp03gg937gbh1s0w-nodejs-22.14.0-libv8"
            }
          ],
          "store_path": "/nix/store/086zjv14ipka2vbpgwil3xyvi5ml4vh3-nodejs-22.14.0"
        },
        "x86_64-linux": {
          "outputs": [
            {
              "name": "out",
              "path": "/nix/store/c8jxsih8yy2rnncdmx2hyraizf689nvp-nodejs-22.14.0",
              "default": true
            },
            {
              "name": "libv8",
              "path": "/nix/store/s8gnrgh9hgnbkrc1wrn21d6zvkbvm9vi-nodejs-22.14.0-libv8"
            },
            {
              "name": "dev",
              "path": "/nix/store/xw8c1c0inxq3xl1d7axz19vq8c05kjk5-nodejs-22.14.0-dev"
            }
          ],
          "store_path": "/nix/store/c8jxsih8yy2rnncdmx2hyraizf689nvp-nodejs-22.14.0"
        }
      }
    },
    "playwright-driver": {
      "resolved": "github:NixOS/nixpkgs/18dd725c29603f582cf1900e0d25f9f1063dbf11?narHash=sha256-awS2zRgF4uTwrOKwwiJcByDzDOdo3Q1rPZbiHQg%2FN38%3D#playwright-driver",
      "source": "nixpkg",
      "systems": {
        "x86_64-linux": {
          "outputs": [
            {
              "path": "/nix/store/0ijxln5dzsdpncdvb0nwdvfgp18rgkdr-playwright-core-1.50.1",
              "default": true
            }
          ]
        }
      }
    },
    "pnpm@10": {
      "last_modified": "2025-05-16T20:19:48Z",
      "resolved": "github:NixOS/nixpkgs/12a55407652e04dcf2309436eb06fef0d3713ef3#pnpm",
      "source": "devbox-search",
      "version": "10.11.0",
      "systems": {
        "aarch64-darwin": {
          "outputs": [
            {
              "name": "out",
              "path": "/nix/store/b39q8x9cxlqq45zgvn9bqcv2f2633vhx-pnpm-10.11.0",
              "default": true
            }
          ],
          "store_path": "/nix/store/b39q8x9cxlqq45zgvn9bqcv2f2633vhx-pnpm-10.11.0"
        },
        "aarch64-linux": {
          "outputs": [
            {
              "name": "out",
              "path": "/nix/store/rvikpxf1ikq4dy7n64bw30hx2ig7zwjk-pnpm-10.11.0",
              "default": true
            }
          ],
          "store_path": "/nix/store/rvikpxf1ikq4dy7n64bw30hx2ig7zwjk-pnpm-10.11.0"
        },
        "x86_64-darwin": {
          "outputs": [
            {
              "name": "out",
              "path": "/nix/store/m4qnhm8ij69r70wf6qdbbhd9yw30pv00-pnpm-10.11.0",
              "default": true
            }
          ],
          "store_path": "/nix/store/m4qnhm8ij69r70wf6qdbbhd9yw30pv00-pnpm-10.11.0"
        },
        "x86_64-linux": {
          "outputs": [
            {
              "name": "out",
              "path": "/nix/store/29gsr1mhy2xgah3s86aqg7wspmvqjp4m-pnpm-10.11.0",
              "default": true
            }
          ],
          "store_path": "/nix/store/29gsr1mhy2xgah3s86aqg7wspmvqjp4m-pnpm-10.11.0"
        }
      }
    }
  }
}
